<?xml version="1.0" encoding="utf-8"?>
<Project ToolsVersion="4.0" xmlns="http://schemas.microsoft.com/developer/msbuild/2003">
  <ItemGroup>
    <Filter Include="AGE">
      <UniqueIdentifier>{D2D0870B-3EDA-877C-C755-9E7C335E937C}</UniqueIdentifier>
    </Filter>
  </ItemGroup>
  <ItemGroup>
    <ClInclude Include="src\AGE.h" />
    <ClInclude Include="src\AGE\Application.h">
      <Filter>AGE</Filter>
    </ClInclude>
    <ClInclude Include="src\AGE\Core.h">
      <Filter>AGE</Filter>
    </ClInclude>
    <ClInclude Include="src\AGE\EntryPoint.h">
      <Filter>AGE</Filter>
    </ClInclude>
    <ClInclude Include="src\AGE\Log.h">
      <Filter>AGE</Filter>
    </ClInclude>
  </ItemGroup>
  <ItemGroup>
    <ClCompile Include="src\AGE\Application.cpp">
      <Filter>AGE</Filter>
    </ClCompile>
    <ClCompile Include="src\AGE\Log.cpp">
      <Filter>AGE</Filter>
    </ClCompile>
  </ItemGroup>
</Project>